
Microsoft Visual Studio Solution File, Format Version 12.00
# Visual Studio Version 17
VisualStudioVersion = 17.6.33723.286
MinimumVisualStudioVersion = 10.0.40219.1
Project("{2150E333-8FDC-42A3-9474-1A3956D46DE8}") = "src", "src", "{6A327807-1EFB-4057-9BE4-E39FF50C2781}"
EndProject
Project("{2150E333-8FDC-42A3-9474-1A3956D46DE8}") = "tests", "tests", "{56E58CDD-C051-49E1-A7BE-1F432A18E1E2}"
EndProject
Project("{2150E333-8FDC-42A3-9474-1A3956D46DE8}") = "Core", "Core", "{30688C88-39D4-4DA2-8A6E-FA34F997C088}"
EndProject
Project("{2150E333-8FDC-42A3-9474-1A3956D46DE8}") = "Infrastructure", "Infrastructure", "{947BCA89-8E3A-425B-826C-09BF93945321}"
EndProject
Project("{2150E333-8FDC-42A3-9474-1A3956D46DE8}") = "Presentation", "Presentation", "{49A3B102-2205-4931-BD5C-E8C8E646C5A3}"
EndProject
Project("{9A19103F-16F7-4668-BE54-9A1E7A4F7556}") = "Hotel.WebApi", "src\Presentation\Hotel.WebApi\Hotel.WebApi.csproj", "{A4A93193-6122-481C-9AB9-CD220476A153}"
EndProject
Project("{9A19103F-16F7-4668-BE54-9A1E7A4F7556}") = "Hotel.Core.Domain", "src\Core\Hotel.Domain\Hotel.Core.Domain.csproj", "{A7442AC9-5F00-4710-AEFC-E47C4B9B72E4}"
EndProject
Project("{9A19103F-16F7-4668-BE54-9A1E7A4F7556}") = "Hotel.Core.Application", "src\Core\Hotel.Application\Hotel.Core.Application.csproj", "{FA066B83-9C22-4F01-8243-64276A4E65B4}"
EndProject
Project("{9A19103F-16F7-4668-BE54-9A1E7A4F7556}") = "Hotel.Infrastructure.Persistence", "src\Infrastructure\Hotel.Persistence\Hotel.Infrastructure.Persistence.csproj", "{B377F333-DDA7-4A29-8CA5-3CB95461D7D4}"
EndProject
Project("{9A19103F-16F7-4668-BE54-9A1E7A4F7556}") = "Hotel.Infrastructure.Identity", "src\Infrastructure\Hotel.Identity\Hotel.Infrastructure.Identity.csproj", "{833E02D1-58F6-4F9E-A063-9A1937DAEFC7}"
EndProject
Project("{9A19103F-16F7-4668-BE54-9A1E7A4F7556}") = "Hotel.Infrastructure.Utils", "src\Infrastructure\Hotel.Infrastructure.Shared\Hotel.Infrastructure.Utils.csproj", "{AD5D1E1C-106D-4CE4-A873-E3E25DF2AF74}"
EndProject
Project("{2150E333-8FDC-42A3-9474-1A3956D46DE8}") = "Core", "Core", "{7FDF5668-9C22-4B59-A911-4B8E1E93941F}"
EndProject
Project("{FAE04EC0-301F-11D3-BF4B-00C04F79EFBC}") = "Hotel.Core.Application.UnitTests", "tests\Core\Hotel.Core.Application.UnitTests\Hotel.Core.Application.UnitTests.csproj", "{6D621E7F-7881-4F20-8E12-AC0011AC4B30}"
EndProject
Global
	GlobalSection(SolutionConfigurationPlatforms) = preSolution
		Debug|Any CPU = Debug|Any CPU
		Release|Any CPU = Release|Any CPU
	EndGlobalSection
	GlobalSection(ProjectConfigurationPlatforms) = postSolution
		{A4A93193-6122-481C-9AB9-CD220476A153}.Debug|Any CPU.ActiveCfg = Debug|Any CPU
		{A4A93193-6122-481C-9AB9-CD220476A153}.Debug|Any CPU.Build.0 = Debug|Any CPU
		{A4A93193-6122-481C-9AB9-CD220476A153}.Release|Any CPU.ActiveCfg = Release|Any CPU
		{A4A93193-6122-481C-9AB9-CD220476A153}.Release|Any CPU.Build.0 = Release|Any CPU
		{A7442AC9-5F00-4710-AEFC-E47C4B9B72E4}.Debug|Any CPU.ActiveCfg = Debug|Any CPU
		{A7442AC9-5F00-4710-AEFC-E47C4B9B72E4}.Debug|Any CPU.Build.0 = Debug|Any CPU
		{A7442AC9-5F00-4710-AEFC-E47C4B9B72E4}.Release|Any CPU.ActiveCfg = Release|Any CPU
		{A7442AC9-5F00-4710-AEFC-E47C4B9B72E4}.Release|Any CPU.Build.0 = Release|Any CPU
		{FA066B83-9C22-4F01-8243-64276A4E65B4}.Debug|Any CPU.ActiveCfg = Debug|Any CPU
		{FA066B83-9C22-4F01-8243-64276A4E65B4}.Debug|Any CPU.Build.0 = Debug|Any CPU
		{FA066B83-9C22-4F01-8243-64276A4E65B4}.Release|Any CPU.ActiveCfg = Release|Any CPU
		{FA066B83-9C22-4F01-8243-64276A4E65B4}.Release|Any CPU.Build.0 = Release|Any CPU
		{B377F333-DDA7-4A29-8CA5-3CB95461D7D4}.Debug|Any CPU.ActiveCfg = Debug|Any CPU
		{B377F333-DDA7-4A29-8CA5-3CB95461D7D4}.Debug|Any CPU.Build.0 = Debug|Any CPU
		{B377F333-DDA7-4A29-8CA5-3CB95461D7D4}.Release|Any CPU.ActiveCfg = Release|Any CPU
		{B377F333-DDA7-4A29-8CA5-3CB95461D7D4}.Release|Any CPU.Build.0 = Release|Any CPU
		{833E02D1-58F6-4F9E-A063-9A1937DAEFC7}.Debug|Any CPU.ActiveCfg = Debug|Any CPU
		{833E02D1-58F6-4F9E-A063-9A1937DAEFC7}.Debug|Any CPU.Build.0 = Debug|Any CPU
		{833E02D1-58F6-4F9E-A063-9A1937DAEFC7}.Release|Any CPU.ActiveCfg = Release|Any CPU
		{833E02D1-58F6-4F9E-A063-9A1937DAEFC7}.Release|Any CPU.Build.0 = Release|Any CPU
		{AD5D1E1C-106D-4CE4-A873-E3E25DF2AF74}.Debug|Any CPU.ActiveCfg = Debug|Any CPU
		{AD5D1E1C-106D-4CE4-A873-E3E25DF2AF74}.Debug|Any CPU.Build.0 = Debug|Any CPU
		{AD5D1E1C-106D-4CE4-A873-E3E25DF2AF74}.Release|Any CPU.ActiveCfg = Release|Any CPU
		{AD5D1E1C-106D-4CE4-A873-E3E25DF2AF74}.Release|Any CPU.Build.0 = Release|Any CPU
		{6D621E7F-7881-4F20-8E12-AC0011AC4B30}.Debug|Any CPU.ActiveCfg = Debug|Any CPU
		{6D621E7F-7881-4F20-8E12-AC0011AC4B30}.Debug|Any CPU.Build.0 = Debug|Any CPU
		{6D621E7F-7881-4F20-8E12-AC0011AC4B30}.Release|Any CPU.ActiveCfg = Release|Any CPU
		{6D621E7F-7881-4F20-8E12-AC0011AC4B30}.Release|Any CPU.Build.0 = Release|Any CPU
	EndGlobalSection
	GlobalSection(SolutionProperties) = preSolution
		HideSolutionNode = FALSE
	EndGlobalSection
	GlobalSection(NestedProjects) = preSolution
		{30688C88-39D4-4DA2-8A6E-FA34F997C088} = {6A327807-1EFB-4057-9BE4-E39FF50C2781}
		{947BCA89-8E3A-425B-826C-09BF93945321} = {6A327807-1EFB-4057-9BE4-E39FF50C2781}
		{49A3B102-2205-4931-BD5C-E8C8E646C5A3} = {6A327807-1EFB-4057-9BE4-E39FF50C2781}
		{A4A93193-6122-481C-9AB9-CD220476A153} = {49A3B102-2205-4931-BD5C-E8C8E646C5A3}
		{A7442AC9-5F00-4710-AEFC-E47C4B9B72E4} = {30688C88-39D4-4DA2-8A6E-FA34F997C088}
		{FA066B83-9C22-4F01-8243-64276A4E65B4} = {30688C88-39D4-4DA2-8A6E-FA34F997C088}
		{B377F333-DDA7-4A29-8CA5-3CB95461D7D4} = {947BCA89-8E3A-425B-826C-09BF93945321}
		{833E02D1-58F6-4F9E-A063-9A1937DAEFC7} = {947BCA89-8E3A-425B-826C-09BF93945321}
		{AD5D1E1C-106D-4CE4-A873-E3E25DF2AF74} = {947BCA89-8E3A-425B-826C-09BF93945321}
		{7FDF5668-9C22-4B59-A911-4B8E1E93941F} = {56E58CDD-C051-49E1-A7BE-1F432A18E1E2}
		{6D621E7F-7881-4F20-8E12-AC0011AC4B30} = {7FDF5668-9C22-4B59-A911-4B8E1E93941F}
	EndGlobalSection
	GlobalSection(ExtensibilityGlobals) = postSolution
		SolutionGuid = {89D68F19-10CD-4AA2-9B59-CB853C90252F}
	EndGlobalSection
EndGlobal
